{
  "name": "scrollTo",
  "version": "0.0.1",
  "lockfileVersion": 1,
  "requires": true,
  "dependencies": {
    "argparse": {
      "version": "1.0.9",
      "resolved": "https://registry.npmjs.org/argparse/-/argparse-1.0.9.tgz",
      "integrity": "sha1-c9g7wmP4bpf4zE9rrhsOkKfSLIY=",
      "requires": {
        "sprintf-js": "1.0.3"
      }
    },
    "array-differ": {
      "version": "0.1.0",
      "resolved": "https://registry.npmjs.org/array-differ/-/array-differ-0.1.0.tgz",
      "integrity": "sha1-EuLJtwa+1HyLSDtX5IdHP7CGHzo="
    },
    "array-union": {
      "version": "0.1.0",
      "resolved": "https://registry.npmjs.org/array-union/-/array-union-0.1.0.tgz",
      "integrity": "sha1-7emAiDMGZeaZ4evwIny8YDTmJ9s=",
      "requires": {
        "array-uniq": "0.1.1"
      }
    },
    "array-uniq": {
      "version": "0.1.1",
      "resolved": "https://registry.npmjs.org/array-uniq/-/array-uniq-0.1.1.tgz",
      "integrity": "sha1-WGHz7U5LthdVl6TgeOiqeOvpWMc="
    },
    "async": {
      "version": "0.9.2",
      "resolved": "https://registry.npmjs.org/async/-/async-0.9.2.tgz",
      "integrity": "sha1-rqdNXmHB+JlhO/ZL2mbUx48v0X0="
    },
    "balanced-match": {
      "version": "1.0.0",
      "resolved": "https://registry.npmjs.org/balanced-match/-/balanced-match-1.0.0.tgz",
      "integrity": "sha1-ibTRmasr7kneFk6gK4nORi1xt2c="
    },
    "brace-expansion": {
      "version": "1.1.8",
      "resolved": "https://registry.npmjs.org/brace-expansion/-/brace-expansion-1.1.8.tgz",
      "integrity": "sha1-wHshHHyVLsH479Uad+8NHTmQopI=",
      "requires": {
        "balanced-match": "1.0.0",
        "concat-map": "0.0.1"
      }
    },
    "concat-map": {
      "version": "0.0.1",
      "resolved": "https://registry.npmjs.org/concat-map/-/concat-map-0.0.1.tgz",
      "integrity": "sha1-2Klr13/Wjfd5OnMDajug1UBdR3s="
    },
    "esprima": {
      "version": "4.0.0",
      "resolved": "https://registry.npmjs.org/esprima/-/esprima-4.0.0.tgz",
      "integrity": "sha512-oftTcaMu/EGrEIu904mWteKIv8vMuOgGYo7EhVJJN00R/EED9DCua/xxHRdYnKtcECzVg7xOWhflvJMnqcFZjw=="
    },
    "glob": {
      "version": "4.5.3",
      "resolved": "https://registry.npmjs.org/glob/-/glob-4.5.3.tgz",
      "integrity": "sha1-xstz0yJsHv7wTePFbQEvAzd+4V8=",
      "requires": {
        "inflight": "1.0.6",
        "inherits": "2.0.3",
        "minimatch": "2.0.10",
        "once": "1.4.0"
      }
    },
    "globby": {
      "version": "0.1.1",
      "resolved": "https://registry.npmjs.org/globby/-/globby-0.1.1.tgz",
      "integrity": "sha1-y+xj33JLS+pFi3mhbMDjsfLKhiA=",
      "requires": {
        "array-differ": "0.1.0",
        "array-union": "0.1.0",
        "async": "0.9.2",
        "glob": "4.5.3"
      }
    },
    "inflight": {
      "version": "1.0.6",
      "resolved": "https://registry.npmjs.org/inflight/-/inflight-1.0.6.tgz",
      "integrity": "sha1-Sb1jMdfQLQwJvJEKEHW6gWW1bfk=",
      "requires": {
        "once": "1.4.0",
        "wrappy": "1.0.2"
      }
    },
    "inherits": {
      "version": "2.0.3",
      "resolved": "https://registry.npmjs.org/inherits/-/inherits-2.0.3.tgz",
      "integrity": "sha1-Yzwsg+PaQqUC9SRmAiSA9CCCYd4="
    },
    "js-yaml": {
      "version": "3.10.0",
      "resolved": "https://registry.npmjs.org/js-yaml/-/js-yaml-3.10.0.tgz",
      "integrity": "sha512-O2v52ffjLa9VeM43J4XocZE//WT9N0IiwDa3KSHH7Tu8CtH+1qM8SIZvnsTh6v+4yFy5KUY3BHUVwjpfAWsjIA==",
      "requires": {
        "argparse": "1.0.9",
        "esprima": "4.0.0"
      }
    },
    "map-files": {
      "version": "0.3.0",
      "resolved": "https://registry.npmjs.org/map-files/-/map-files-0.3.0.tgz",
      "integrity": "sha1-REHEphkozneWbh4AcAhGtnJDu7Q=",
      "requires": {
        "globby": "0.1.1",
        "relative": "0.1.6"
      }
    },
    "minimatch": {
      "version": "2.0.10",
      "resolved": "https://registry.npmjs.org/minimatch/-/minimatch-2.0.10.tgz",
      "integrity": "sha1-jQh8OcazjAAbl/ynzm0OHoCvusc=",
      "requires": {
        "brace-expansion": "1.1.8"
      }
    },
    "normalize-path": {
      "version": "0.1.1",
      "resolved": "https://registry.npmjs.org/normalize-path/-/normalize-path-0.1.1.tgz",
      "integrity": "sha1-bHASSP25iW0f7hqmYg2nf+7U02c="
    },
    "once": {
      "version": "1.4.0",
      "resolved": "https://registry.npmjs.org/once/-/once-1.4.0.tgz",
      "integrity": "sha1-WDsap3WWHUsROsF9nFC6753Xa9E=",
      "requires": {
        "wrappy": "1.0.2"
      }
    },
    "relative": {
      "version": "0.1.6",
      "resolved": "https://registry.npmjs.org/relative/-/relative-0.1.6.tgz",
      "integrity": "sha1-rcNd7luNOvUkK7LmiJy8/nqZiGw=",
      "requires": {
        "normalize-path": "0.1.1"
      }
    },
    "sprintf-js": {
      "version": "1.0.3",
      "resolved": "https://registry.npmjs.org/sprintf-js/-/sprintf-js-1.0.3.tgz",
      "integrity": "sha1-BOaSb2YolTVPPdAVIDYzuFcpfiw="
    },
    "webpack-windows": {
      "version": "0.0.3",
      "resolved": "https://registry.npmjs.org/webpack-windows/-/webpack-windows-0.0.3.tgz",
      "integrity": "sha1-9t/hwJg7HVmU42GykIhWiWTzTgg=",
      "requires": {
        "js-yaml": "3.10.0",
        "map-files": "0.3.0"
      }
    },
    "wrappy": {
      "version": "1.0.2",
      "resolved": "https://registry.npmjs.org/wrappy/-/wrappy-1.0.2.tgz",
      "integrity": "sha1-tSQ9jz7BqjXxNkYFvA0QNuMKtp8="
    }
  }
}
